
Microsoft Visual Studio Solution File, Format Version 12.00
# Visual Studio Version 16
VisualStudioVersion = 16.0.35826.135
MinimumVisualStudioVersion = 10.0.40219.1
Project("{FAE04EC0-301F-11D3-BF4B-00C04F79EFBC}") = "inv.reg.ped.online", "inv.reg.ped.online\inv.reg.ped.online.csproj", "{4AFA67BA-EE63-4FA3-8672-E25BD7308006}"
EndProject
Global
	GlobalSection(SolutionConfigurationPlatforms) = preSolution
		Debug|Any CPU = Debug|Any CPU
		Release|Any CPU = Release|Any CPU
	EndGlobalSection
	GlobalSection(ProjectConfigurationPlatforms) = postSolution
		{4AFA67BA-EE63-4FA3-8672-E25BD7308006}.Debug|Any CPU.ActiveCfg = Debug|Any CPU
		{4AFA67BA-EE63-4FA3-8672-E25BD7308006}.Debug|Any CPU.Build.0 = Debug|Any CPU
		{4AFA67BA-EE63-4FA3-8672-E25BD7308006}.Release|Any CPU.ActiveCfg = Release|Any CPU
		{4AFA67BA-EE63-4FA3-8672-E25BD7308006}.Release|Any CPU.Build.0 = Release|Any CPU
	EndGlobalSection
	GlobalSection(SolutionProperties) = preSolution
		HideSolutionNode = FALSE
	EndGlobalSection
	GlobalSection(ExtensibilityGlobals) = postSolution
		SolutionGuid = {BF4A5300-19ED-4108-90AE-8A8D16142C0C}
	EndGlobalSection
EndGlobal
